
Microsoft Visual Studio Solution File, Format Version 12.00
# Visual Studio Version 17
VisualStudioVersion = 17.9.34622.214
MinimumVisualStudioVersion = 10.0.40219.1
Project("{9A19103F-16F7-4668-BE54-9A1E7A4F7556}") = "Category_U_CRUD", "Category_U_CRUD\Category_U_CRUD.csproj", "{1A048967-2B1A-4256-833D-50A69D8193E1}"
EndProject
Project("{FAE04EC0-301F-11D3-BF4B-00C04F79EFBC}") = "WebRazor_Udemy_Proj", "WebRazor_Udemy_Proj\WebRazor_Udemy_Proj.csproj", "{2F09D158-3D18-4C92-8973-09A455015C62}"
EndProject
Global
	GlobalSection(SolutionConfigurationPlatforms) = preSolution
		Debug|Any CPU = Debug|Any CPU
		Release|Any CPU = Release|Any CPU
	EndGlobalSection
	GlobalSection(ProjectConfigurationPlatforms) = postSolution
		{1A048967-2B1A-4256-833D-50A69D8193E1}.Debug|Any CPU.ActiveCfg = Debug|Any CPU
		{1A048967-2B1A-4256-833D-50A69D8193E1}.Debug|Any CPU.Build.0 = Debug|Any CPU
		{1A048967-2B1A-4256-833D-50A69D8193E1}.Release|Any CPU.ActiveCfg = Release|Any CPU
		{1A048967-2B1A-4256-833D-50A69D8193E1}.Release|Any CPU.Build.0 = Release|Any CPU
		{2F09D158-3D18-4C92-8973-09A455015C62}.Debug|Any CPU.ActiveCfg = Debug|Any CPU
		{2F09D158-3D18-4C92-8973-09A455015C62}.Debug|Any CPU.Build.0 = Debug|Any CPU
		{2F09D158-3D18-4C92-8973-09A455015C62}.Release|Any CPU.ActiveCfg = Release|Any CPU
		{2F09D158-3D18-4C92-8973-09A455015C62}.Release|Any CPU.Build.0 = Release|Any CPU
	EndGlobalSection
	GlobalSection(SolutionProperties) = preSolution
		HideSolutionNode = FALSE
	EndGlobalSection
	GlobalSection(ExtensibilityGlobals) = postSolution
		SolutionGuid = {8F02CA0D-3B8E-4962-B769-A316174F4FCA}
	EndGlobalSection
EndGlobal
